
Microsoft Visual Studio Solution File, Format Version 12.00
# Visual Studio Version 17
VisualStudioVersion = 17.11.35222.181
MinimumVisualStudioVersion = 10.0.40219.1
Project("{FAE04EC0-301F-11D3-BF4B-00C04F79EFBC}") = "GuitarApp", "GuitarApp\GuitarApp.csproj", "{52831014-0359-493A-9FD0-DDE7CF3496A6}"
EndProject
Global
	GlobalSection(SolutionConfigurationPlatforms) = preSolution
		Debug|Any CPU = Debug|Any CPU
		Release|Any CPU = Release|Any CPU
	EndGlobalSection
	GlobalSection(ProjectConfigurationPlatforms) = postSolution
		{52831014-0359-493A-9FD0-DDE7CF3496A6}.Debug|Any CPU.ActiveCfg = Debug|Any CPU
		{52831014-0359-493A-9FD0-DDE7CF3496A6}.Debug|Any CPU.Build.0 = Debug|Any CPU
		{52831014-0359-493A-9FD0-DDE7CF3496A6}.Release|Any CPU.ActiveCfg = Release|Any CPU
		{52831014-0359-493A-9FD0-DDE7CF3496A6}.Release|Any CPU.Build.0 = Release|Any CPU
	EndGlobalSection
	GlobalSection(SolutionProperties) = preSolution
		HideSolutionNode = FALSE
	EndGlobalSection
	GlobalSection(ExtensibilityGlobals) = postSolution
		SolutionGuid = {F973BEA5-534E-42D1-8C99-B9D1554AE822}
	EndGlobalSection
EndGlobal
